
Microsoft Visual Studio Solution File, Format Version 12.00
# Visual Studio 15
VisualStudioVersion = 15.0.26730.8
MinimumVisualStudioVersion = 10.0.40219.1
Project("{FAE04EC0-301F-11D3-BF4B-00C04F79EFBC}") = "RecipeApp", "RecipeApp\RecipeApp.csproj", "{D9B2EC54-C368-4D61-8FCD-FEE674A85000}"
EndProject
Global
	GlobalSection(SolutionConfigurationPlatforms) = preSolution
		Debug|Any CPU = Debug|Any CPU
		Release|Any CPU = Release|Any CPU
	EndGlobalSection
	GlobalSection(ProjectConfigurationPlatforms) = postSolution
		{D9B2EC54-C368-4D61-8FCD-FEE674A85000}.Debug|Any CPU.ActiveCfg = Debug|Any CPU
		{D9B2EC54-C368-4D61-8FCD-FEE674A85000}.Debug|Any CPU.Build.0 = Debug|Any CPU
		{D9B2EC54-C368-4D61-8FCD-FEE674A85000}.Release|Any CPU.ActiveCfg = Release|Any CPU
		{D9B2EC54-C368-4D61-8FCD-FEE674A85000}.Release|Any CPU.Build.0 = Release|Any CPU
	EndGlobalSection
	GlobalSection(SolutionProperties) = preSolution
		HideSolutionNode = FALSE
	EndGlobalSection
	GlobalSection(ExtensibilityGlobals) = postSolution
		SolutionGuid = {7B684FDF-CE5D-4660-A1E4-E3F412C308F2}
	EndGlobalSection
EndGlobal
